// !$*UTF8*$!
{
	archiveVersion = 1;
	classes = {
	};
	objectVersion = 55;
	objects = {

/* Begin PBXBuildFile section */
		7305035E27CAAA800040D775 /* AccountSummaryViewController.swift in Sources */ = {isa = PBXBuildFile; fileRef = 7305035D27CAAA800040D775 /* AccountSummaryViewController.swift */; };
		7305036027CAAF130040D775 /* AccountSummaryHeaderView.swift in Sources */ = {isa = PBXBuildFile; fileRef = 7305035F27CAAF130040D775 /* AccountSummaryHeaderView.swift */; };
		7305036227CAAF640040D775 /* AccountSummaryHeaderView.xib in Resources */ = {isa = PBXBuildFile; fileRef = 7305036127CAAF640040D775 /* AccountSummaryHeaderView.xib */; };
		7305036627CAD6580040D775 /* AccountSummaryCell.swift in Sources */ = {isa = PBXBuildFile; fileRef = 7305036527CAD6580040D775 /* AccountSummaryCell.swift */; };
		7305036827CAF5190040D775 /* CurrencyFormatter.swift in Sources */ = {isa = PBXBuildFile; fileRef = 7305036727CAF5190040D775 /* CurrencyFormatter.swift */; };
		7305036A27CB28DE0040D775 /* Decimal+Utils.swift in Sources */ = {isa = PBXBuildFile; fileRef = 7305036927CB28DE0040D775 /* Decimal+Utils.swift */; };
		7391705127C09CA800E23056 /* AppDelegate.swift in Sources */ = {isa = PBXBuildFile; fileRef = 7391705027C09CA800E23056 /* AppDelegate.swift */; };
		7391705527C09CA800E23056 /* LoginViewController.swift in Sources */ = {isa = PBXBuildFile; fileRef = 7391705427C09CA800E23056 /* LoginViewController.swift */; };
		7391705A27C09CA900E23056 /* Assets.xcassets in Resources */ = {isa = PBXBuildFile; fileRef = 7391705927C09CA900E23056 /* Assets.xcassets */; };
		7391705D27C09CA900E23056 /* LaunchScreen.storyboard in Resources */ = {isa = PBXBuildFile; fileRef = 7391705B27C09CA900E23056 /* LaunchScreen.storyboard */; };
		7391706727C09FD600E23056 /* LoginView.swift in Sources */ = {isa = PBXBuildFile; fileRef = 7391706627C09FD600E23056 /* LoginView.swift */; };
		739170A227C1FBE300E23056 /* OnboardingContainerViewController.swift in Sources */ = {isa = PBXBuildFile; fileRef = 739170A127C1FBE300E23056 /* OnboardingContainerViewController.swift */; };
		739170A427C205FE00E23056 /* OnboardingViewController.swift in Sources */ = {isa = PBXBuildFile; fileRef = 739170A327C205FE00E23056 /* OnboardingViewController.swift */; };
		739170A627C3331D00E23056 /* DummyViewController.swift in Sources */ = {isa = PBXBuildFile; fileRef = 739170A527C3331D00E23056 /* DummyViewController.swift */; };
		739170A927C33B9200E23056 /* LocalState.swift in Sources */ = {isa = PBXBuildFile; fileRef = 739170A827C33B9100E23056 /* LocalState.swift */; };
		739170AB27C34AE000E23056 /* UIViewController + Utils.swift in Sources */ = {isa = PBXBuildFile; fileRef = 739170AA27C34AE000E23056 /* UIViewController + Utils.swift */; };
		739170AD27C34C6300E23056 /* MainViewController.swift in Sources */ = {isa = PBXBuildFile; fileRef = 739170AC27C34C6300E23056 /* MainViewController.swift */; };
		73EBA0ED27CD6167009A905E /* CurrencyFormatterTests.swift in Sources */ = {isa = PBXBuildFile; fileRef = 73EBA0EC27CD6167009A905E /* CurrencyFormatterTests.swift */; };
		73EBA0EF27CD7B33009A905E /* NSNotificationName.swift in Sources */ = {isa = PBXBuildFile; fileRef = 73EBA0EE27CD7B33009A905E /* NSNotificationName.swift */; };
		73EBA0F127CD7DBF009A905E /* UITextField+SecureToggle.swift in Sources */ = {isa = PBXBuildFile; fileRef = 73EBA0F027CD7DBF009A905E /* UITextField+SecureToggle.swift */; };
		73EBA10E27D3F05E009A905E /* ShakeyBellView.swift in Sources */ = {isa = PBXBuildFile; fileRef = 73EBA10D27D3F05E009A905E /* ShakeyBellView.swift */; };
		73EBA11027D6AE08009A905E /* Date+Utils.swift in Sources */ = {isa = PBXBuildFile; fileRef = 73EBA10F27D6AE08009A905E /* Date+Utils.swift */; };
		73EBA11227DBBA7C009A905E /* AccountSumaryViewController+Networking.swift in Sources */ = {isa = PBXBuildFile; fileRef = 73EBA11127DBBA7C009A905E /* AccountSumaryViewController+Networking.swift */; };
		73EBA11627DBC442009A905E /* ProfileTests.swift in Sources */ = {isa = PBXBuildFile; fileRef = 73EBA11527DBC442009A905E /* ProfileTests.swift */; };
		73EBA11827DBC685009A905E /* AccountTests.swift in Sources */ = {isa = PBXBuildFile; fileRef = 73EBA11727DBC685009A905E /* AccountTests.swift */; };
/* End PBXBuildFile section */

/* Begin PBXContainerItemProxy section */
		73EBA0E727CD60B1009A905E /* PBXContainerItemProxy */ = {
			isa = PBXContainerItemProxy;
			containerPortal = 7391704527C09CA800E23056 /* Project object */;
			proxyType = 1;
			remoteGlobalIDString = 7391704C27C09CA800E23056;
			remoteInfo = Bankey;
		};
/* End PBXContainerItemProxy section */

/* Begin PBXFileReference section */
		7305035D27CAAA800040D775 /* AccountSummaryViewController.swift */ = {isa = PBXFileReference; lastKnownFileType = sourcecode.swift; path = AccountSummaryViewController.swift; sourceTree = "<group>"; };
		7305035F27CAAF130040D775 /* AccountSummaryHeaderView.swift */ = {isa = PBXFileReference; lastKnownFileType = sourcecode.swift; path = AccountSummaryHeaderView.swift; sourceTree = "<group>"; };
		7305036127CAAF640040D775 /* AccountSummaryHeaderView.xib */ = {isa = PBXFileReference; lastKnownFileType = file.xib; path = AccountSummaryHeaderView.xib; sourceTree = "<group>"; };
		7305036527CAD6580040D775 /* AccountSummaryCell.swift */ = {isa = PBXFileReference; lastKnownFileType = sourcecode.swift; path = AccountSummaryCell.swift; sourceTree = "<group>"; };
		7305036727CAF5190040D775 /* CurrencyFormatter.swift */ = {isa = PBXFileReference; lastKnownFileType = sourcecode.swift; path = CurrencyFormatter.swift; sourceTree = "<group>"; };
		7305036927CB28DE0040D775 /* Decimal+Utils.swift */ = {isa = PBXFileReference; lastKnownFileType = sourcecode.swift; path = "Decimal+Utils.swift"; sourceTree = "<group>"; };
		7391704D27C09CA800E23056 /* Bankey.app */ = {isa = PBXFileReference; explicitFileType = wrapper.application; includeInIndex = 0; path = Bankey.app; sourceTree = BUILT_PRODUCTS_DIR; };
		7391705027C09CA800E23056 /* AppDelegate.swift */ = {isa = PBXFileReference; lastKnownFileType = sourcecode.swift; path = AppDelegate.swift; sourceTree = "<group>"; };
		7391705427C09CA800E23056 /* LoginViewController.swift */ = {isa = PBXFileReference; lastKnownFileType = sourcecode.swift; path = LoginViewController.swift; sourceTree = "<group>"; };
		7391705927C09CA900E23056 /* Assets.xcassets */ = {isa = PBXFileReference; lastKnownFileType = folder.assetcatalog; path = Assets.xcassets; sourceTree = "<group>"; };
		7391705C27C09CA900E23056 /* Base */ = {isa = PBXFileReference; lastKnownFileType = file.storyboard; name = Base; path = Base.lproj/LaunchScreen.storyboard; sourceTree = "<group>"; };
		7391705E27C09CA900E23056 /* Info.plist */ = {isa = PBXFileReference; lastKnownFileType = text.plist.xml; path = Info.plist; sourceTree = "<group>"; };
		7391706627C09FD600E23056 /* LoginView.swift */ = {isa = PBXFileReference; lastKnownFileType = sourcecode.swift; path = LoginView.swift; sourceTree = "<group>"; };
		739170A127C1FBE300E23056 /* OnboardingContainerViewController.swift */ = {isa = PBXFileReference; lastKnownFileType = sourcecode.swift; path = OnboardingContainerViewController.swift; sourceTree = "<group>"; };
		739170A327C205FE00E23056 /* OnboardingViewController.swift */ = {isa = PBXFileReference; lastKnownFileType = sourcecode.swift; path = OnboardingViewController.swift; sourceTree = "<group>"; };
		739170A527C3331D00E23056 /* DummyViewController.swift */ = {isa = PBXFileReference; lastKnownFileType = sourcecode.swift; path = DummyViewController.swift; sourceTree = "<group>"; };
		739170A827C33B9100E23056 /* LocalState.swift */ = {isa = PBXFileReference; lastKnownFileType = sourcecode.swift; path = LocalState.swift; sourceTree = "<group>"; };
		739170AA27C34AE000E23056 /* UIViewController + Utils.swift */ = {isa = PBXFileReference; lastKnownFileType = sourcecode.swift; path = "UIViewController + Utils.swift"; sourceTree = "<group>"; };
		739170AC27C34C6300E23056 /* MainViewController.swift */ = {isa = PBXFileReference; lastKnownFileType = sourcecode.swift; path = MainViewController.swift; sourceTree = "<group>"; };
		73EBA0E327CD60B1009A905E /* BankeyUnitTests.xctest */ = {isa = PBXFileReference; explicitFileType = wrapper.cfbundle; includeInIndex = 0; path = BankeyUnitTests.xctest; sourceTree = BUILT_PRODUCTS_DIR; };
		73EBA0EC27CD6167009A905E /* CurrencyFormatterTests.swift */ = {isa = PBXFileReference; lastKnownFileType = sourcecode.swift; path = CurrencyFormatterTests.swift; sourceTree = "<group>"; };
		73EBA0EE27CD7B33009A905E /* NSNotificationName.swift */ = {isa = PBXFileReference; lastKnownFileType = sourcecode.swift; path = NSNotificationName.swift; sourceTree = "<group>"; };
		73EBA0F027CD7DBF009A905E /* UITextField+SecureToggle.swift */ = {isa = PBXFileReference; lastKnownFileType = sourcecode.swift; path = "UITextField+SecureToggle.swift"; sourceTree = "<group>"; };
		73EBA10D27D3F05E009A905E /* ShakeyBellView.swift */ = {isa = PBXFileReference; lastKnownFileType = sourcecode.swift; path = ShakeyBellView.swift; sourceTree = "<group>"; };
		73EBA10F27D6AE08009A905E /* Date+Utils.swift */ = {isa = PBXFileReference; lastKnownFileType = sourcecode.swift; path = "Date+Utils.swift"; sourceTree = "<group>"; };
		73EBA11127DBBA7C009A905E /* AccountSumaryViewController+Networking.swift */ = {isa = PBXFileReference; lastKnownFileType = sourcecode.swift; path = "AccountSumaryViewController+Networking.swift"; sourceTree = "<group>"; };
		73EBA11527DBC442009A905E /* ProfileTests.swift */ = {isa = PBXFileReference; lastKnownFileType = sourcecode.swift; path = ProfileTests.swift; sourceTree = "<group>"; };
		73EBA11727DBC685009A905E /* AccountTests.swift */ = {isa = PBXFileReference; lastKnownFileType = sourcecode.swift; path = AccountTests.swift; sourceTree = "<group>"; };
/* End PBXFileReference section */

/* Begin PBXFrameworksBuildPhase section */
		7391704A27C09CA800E23056 /* Frameworks */ = {
			isa = PBXFrameworksBuildPhase;
			buildActionMask = 2147483647;
			files = (
			);
			runOnlyForDeploymentPostprocessing = 0;
		};
		73EBA0E027CD60B1009A905E /* Frameworks */ = {
			isa = PBXFrameworksBuildPhase;
			buildActionMask = 2147483647;
			files = (
			);
			runOnlyForDeploymentPostprocessing = 0;
		};
/* End PBXFrameworksBuildPhase section */

/* Begin PBXGroup section */
		7305035C27CAAA500040D775 /* AccountSummary */ = {
			isa = PBXGroup;
			children = (
				7305035D27CAAA800040D775 /* AccountSummaryViewController.swift */,
				73EBA11127DBBA7C009A905E /* AccountSumaryViewController+Networking.swift */,
				7305036327CAD60C0040D775 /* Header */,
				7305036427CAD6310040D775 /* Cells */,
			);
			name = AccountSummary;
			sourceTree = "<group>";
		};
		7305036327CAD60C0040D775 /* Header */ = {
			isa = PBXGroup;
			children = (
				7305035F27CAAF130040D775 /* AccountSummaryHeaderView.swift */,
				7305036127CAAF640040D775 /* AccountSummaryHeaderView.xib */,
			);
			name = Header;
			sourceTree = "<group>";
		};
		7305036427CAD6310040D775 /* Cells */ = {
			isa = PBXGroup;
			children = (
				7305036527CAD6580040D775 /* AccountSummaryCell.swift */,
			);
			path = Cells;
			sourceTree = "<group>";
		};
		7391704427C09CA800E23056 = {
			isa = PBXGroup;
			children = (
				7391704F27C09CA800E23056 /* Bankey */,
				73EBA0E427CD60B1009A905E /* BankeyUnitTests */,
				7391704E27C09CA800E23056 /* Products */,
			);
			sourceTree = "<group>";
		};
		7391704E27C09CA800E23056 /* Products */ = {
			isa = PBXGroup;
			children = (
				7391704D27C09CA800E23056 /* Bankey.app */,
				73EBA0E327CD60B1009A905E /* BankeyUnitTests.xctest */,
			);
			name = Products;
			sourceTree = "<group>";
		};
		7391704F27C09CA800E23056 /* Bankey */ = {
			isa = PBXGroup;
			children = (
				7391705027C09CA800E23056 /* AppDelegate.swift */,
				739170AC27C34C6300E23056 /* MainViewController.swift */,
				7391706527C09FA900E23056 /* Login */,
				739170A027C1FBB700E23056 /* Onboarding */,
				7305035C27CAAA500040D775 /* AccountSummary */,
				739170A727C33B7F00E23056 /* Utils */,
				73EBA10C27D3F039009A905E /* Components */,
				7391706427C09F6900E23056 /* Files */,
			);
			path = Bankey;
			sourceTree = "<group>";
		};
		7391706427C09F6900E23056 /* Files */ = {
			isa = PBXGroup;
			children = (
				7391705927C09CA900E23056 /* Assets.xcassets */,
				7391705B27C09CA900E23056 /* LaunchScreen.storyboard */,
				7391705E27C09CA900E23056 /* Info.plist */,
			);
			name = Files;
			sourceTree = "<group>";
		};
		7391706527C09FA900E23056 /* Login */ = {
			isa = PBXGroup;
			children = (
				7391705427C09CA800E23056 /* LoginViewController.swift */,
				7391706627C09FD600E23056 /* LoginView.swift */,
				739170A527C3331D00E23056 /* DummyViewController.swift */,
			);
			path = Login;
			sourceTree = "<group>";
		};
		739170A027C1FBB700E23056 /* Onboarding */ = {
			isa = PBXGroup;
			children = (
				739170A127C1FBE300E23056 /* OnboardingContainerViewController.swift */,
				739170A327C205FE00E23056 /* OnboardingViewController.swift */,
			);
			name = Onboarding;
			sourceTree = "<group>";
		};
		739170A727C33B7F00E23056 /* Utils */ = {
			isa = PBXGroup;
			children = (
				739170AA27C34AE000E23056 /* UIViewController + Utils.swift */,
				7305036927CB28DE0040D775 /* Decimal+Utils.swift */,
				73EBA0F027CD7DBF009A905E /* UITextField+SecureToggle.swift */,
				739170A827C33B9100E23056 /* LocalState.swift */,
				7305036727CAF5190040D775 /* CurrencyFormatter.swift */,
				73EBA0EE27CD7B33009A905E /* NSNotificationName.swift */,
				73EBA10F27D6AE08009A905E /* Date+Utils.swift */,
			);
			path = Utils;
			sourceTree = "<group>";
		};
		73EBA0E427CD60B1009A905E /* BankeyUnitTests */ = {
			isa = PBXGroup;
			children = (
				73EBA11427DBC426009A905E /* AccountSumary */,
				73EBA11327DBC408009A905E /* Utils */,
			);
			path = BankeyUnitTests;
			sourceTree = "<group>";
		};
		73EBA10C27D3F039009A905E /* Components */ = {
			isa = PBXGroup;
			children = (
				73EBA10D27D3F05E009A905E /* ShakeyBellView.swift */,
			);
			name = Components;
			sourceTree = "<group>";
		};
		73EBA11327DBC408009A905E /* Utils */ = {
			isa = PBXGroup;
			children = (
				73EBA0EC27CD6167009A905E /* CurrencyFormatterTests.swift */,
			);
			path = Utils;
			sourceTree = "<group>";
		};
		73EBA11427DBC426009A905E /* AccountSumary */ = {
			isa = PBXGroup;
			children = (
				73EBA11527DBC442009A905E /* ProfileTests.swift */,
				73EBA11727DBC685009A905E /* AccountTests.swift */,
			);
			path = AccountSumary;
			sourceTree = "<group>";
		};
/* End PBXGroup section */

/* Begin PBXNativeTarget section */
		7391704C27C09CA800E23056 /* Bankey */ = {
			isa = PBXNativeTarget;
			buildConfigurationList = 7391706127C09CA900E23056 /* Build configuration list for PBXNativeTarget "Bankey" */;
			buildPhases = (
				7391704927C09CA800E23056 /* Sources */,
				7391704A27C09CA800E23056 /* Frameworks */,
				7391704B27C09CA800E23056 /* Resources */,
			);
			buildRules = (
			);
			dependencies = (
			);
			name = Bankey;
			productName = Bankey;
			productReference = 7391704D27C09CA800E23056 /* Bankey.app */;
			productType = "com.apple.product-type.application";
		};
		73EBA0E227CD60B1009A905E /* BankeyUnitTests */ = {
			isa = PBXNativeTarget;
			buildConfigurationList = 73EBA0EB27CD60B1009A905E /* Build configuration list for PBXNativeTarget "BankeyUnitTests" */;
			buildPhases = (
				73EBA0DF27CD60B1009A905E /* Sources */,
				73EBA0E027CD60B1009A905E /* Frameworks */,
				73EBA0E127CD60B1009A905E /* Resources */,
			);
			buildRules = (
			);
			dependencies = (
				73EBA0E827CD60B1009A905E /* PBXTargetDependency */,
			);
			name = BankeyUnitTests;
			productName = BankeyUnitTests;
			productReference = 73EBA0E327CD60B1009A905E /* BankeyUnitTests.xctest */;
			productType = "com.apple.product-type.bundle.unit-test";
		};
/* End PBXNativeTarget section */

/* Begin PBXProject section */
		7391704527C09CA800E23056 /* Project object */ = {
			isa = PBXProject;
			attributes = {
				BuildIndependentTargetsInParallel = 1;
				LastSwiftUpdateCheck = 1310;
				LastUpgradeCheck = 1310;
				TargetAttributes = {
					7391704C27C09CA800E23056 = {
						CreatedOnToolsVersion = 13.1;
					};
					73EBA0E227CD60B1009A905E = {
						CreatedOnToolsVersion = 13.1;
						LastSwiftMigration = 1310;
						TestTargetID = 7391704C27C09CA800E23056;
					};
				};
			};
			buildConfigurationList = 7391704827C09CA800E23056 /* Build configuration list for PBXProject "Bankey" */;
			compatibilityVersion = "Xcode 13.0";
			developmentRegion = en;
			hasScannedForEncodings = 0;
			knownRegions = (
				en,
				Base,
			);
			mainGroup = 7391704427C09CA800E23056;
			productRefGroup = 7391704E27C09CA800E23056 /* Products */;
			projectDirPath = "";
			projectRoot = "";
			targets = (
				7391704C27C09CA800E23056 /* Bankey */,
				73EBA0E227CD60B1009A905E /* BankeyUnitTests */,
			);
		};
/* End PBXProject section */

/* Begin PBXResourcesBuildPhase section */
		7391704B27C09CA800E23056 /* Resources */ = {
			isa = PBXResourcesBuildPhase;
			buildActionMask = 2147483647;
			files = (
				7305036227CAAF640040D775 /* AccountSummaryHeaderView.xib in Resources */,
				7391705D27C09CA900E23056 /* LaunchScreen.storyboard in Resources */,
				7391705A27C09CA900E23056 /* Assets.xcassets in Resources */,
			);
			runOnlyForDeploymentPostprocessing = 0;
		};
		73EBA0E127CD60B1009A905E /* Resources */ = {
			isa = PBXResourcesBuildPhase;
			buildActionMask = 2147483647;
			files = (
			);
			runOnlyForDeploymentPostprocessing = 0;
		};
/* End PBXResourcesBuildPhase section */

/* Begin PBXSourcesBuildPhase section */
		7391704927C09CA800E23056 /* Sources */ = {
			isa = PBXSourcesBuildPhase;
			buildActionMask = 2147483647;
			files = (
				7391706727C09FD600E23056 /* LoginView.swift in Sources */,
				73EBA11027D6AE08009A905E /* Date+Utils.swift in Sources */,
				739170A927C33B9200E23056 /* LocalState.swift in Sources */,
				739170AB27C34AE000E23056 /* UIViewController + Utils.swift in Sources */,
				7305036027CAAF130040D775 /* AccountSummaryHeaderView.swift in Sources */,
				73EBA0F127CD7DBF009A905E /* UITextField+SecureToggle.swift in Sources */,
				739170A627C3331D00E23056 /* DummyViewController.swift in Sources */,
				7391705527C09CA800E23056 /* LoginViewController.swift in Sources */,
				7305036827CAF5190040D775 /* CurrencyFormatter.swift in Sources */,
				73EBA0EF27CD7B33009A905E /* NSNotificationName.swift in Sources */,
				73EBA11227DBBA7C009A905E /* AccountSumaryViewController+Networking.swift in Sources */,
				7305036A27CB28DE0040D775 /* Decimal+Utils.swift in Sources */,
				73EBA10E27D3F05E009A905E /* ShakeyBellView.swift in Sources */,
				7305036627CAD6580040D775 /* AccountSummaryCell.swift in Sources */,
				739170A427C205FE00E23056 /* OnboardingViewController.swift in Sources */,
				739170AD27C34C6300E23056 /* MainViewController.swift in Sources */,
				7305035E27CAAA800040D775 /* AccountSummaryViewController.swift in Sources */,
				7391705127C09CA800E23056 /* AppDelegate.swift in Sources */,
				739170A227C1FBE300E23056 /* OnboardingContainerViewController.swift in Sources */,
			);
			runOnlyForDeploymentPostprocessing = 0;
		};
		73EBA0DF27CD60B1009A905E /* Sources */ = {
			isa = PBXSourcesBuildPhase;
			buildActionMask = 2147483647;
			files = (
				73EBA0ED27CD6167009A905E /* CurrencyFormatterTests.swift in Sources */,
				73EBA11827DBC685009A905E /* AccountTests.swift in Sources */,
				73EBA11627DBC442009A905E /* ProfileTests.swift in Sources */,
			);
			runOnlyForDeploymentPostprocessing = 0;
		};
/* End PBXSourcesBuildPhase section */

/* Begin PBXTargetDependency section */
		73EBA0E827CD60B1009A905E /* PBXTargetDependency */ = {
			isa = PBXTargetDependency;
			target = 7391704C27C09CA800E23056 /* Bankey */;
			targetProxy = 73EBA0E727CD60B1009A905E /* PBXContainerItemProxy */;
		};
/* End PBXTargetDependency section */

/* Begin PBXVariantGroup section */
		7391705B27C09CA900E23056 /* LaunchScreen.storyboard */ = {
			isa = PBXVariantGroup;
			children = (
				7391705C27C09CA900E23056 /* Base */,
			);
			name = LaunchScreen.storyboard;
			sourceTree = "<group>";
		};
/* End PBXVariantGroup section */

/* Begin XCBuildConfiguration section */
		7391705F27C09CA900E23056 /* Debug */ = {
			isa = XCBuildConfiguration;
			buildSettings = {
				ALWAYS_SEARCH_USER_PATHS = NO;
				CLANG_ANALYZER_NONNULL = YES;
				CLANG_ANALYZER_NUMBER_OBJECT_CONVERSION = YES_AGGRESSIVE;
				CLANG_CXX_LANGUAGE_STANDARD = "gnu++17";
				CLANG_CXX_LIBRARY = "libc++";
				CLANG_ENABLE_MODULES = YES;
				CLANG_ENABLE_OBJC_ARC = YES;
				CLANG_ENABLE_OBJC_WEAK = YES;
				CLANG_WARN_BLOCK_CAPTURE_AUTORELEASING = YES;
				CLANG_WARN_BOOL_CONVERSION = YES;
				CLANG_WARN_COMMA = YES;
				CLANG_WARN_CONSTANT_CONVERSION = YES;
				CLANG_WARN_DEPRECATED_OBJC_IMPLEMENTATIONS = YES;
				CLANG_WARN_DIRECT_OBJC_ISA_USAGE = YES_ERROR;
				CLANG_WARN_DOCUMENTATION_COMMENTS = YES;
				CLANG_WARN_EMPTY_BODY = YES;
				CLANG_WARN_ENUM_CONVERSION = YES;
				CLANG_WARN_INFINITE_RECURSION = YES;
				CLANG_WARN_INT_CONVERSION = YES;
				CLANG_WARN_NON_LITERAL_NULL_CONVERSION = YES;
				CLANG_WARN_OBJC_IMPLICIT_RETAIN_SELF = YES;
				CLANG_WARN_OBJC_LITERAL_CONVERSION = YES;
				CLANG_WARN_OBJC_ROOT_CLASS = YES_ERROR;
				CLANG_WARN_QUOTED_INCLUDE_IN_FRAMEWORK_HEADER = YES;
				CLANG_WARN_RANGE_LOOP_ANALYSIS = YES;
				CLANG_WARN_STRICT_PROTOTYPES = YES;
				CLANG_WARN_SUSPICIOUS_MOVE = YES;
				CLANG_WARN_UNGUARDED_AVAILABILITY = YES_AGGRESSIVE;
				CLANG_WARN_UNREACHABLE_CODE = YES;
				CLANG_WARN__DUPLICATE_METHOD_MATCH = YES;
				COPY_PHASE_STRIP = NO;
				DEBUG_INFORMATION_FORMAT = dwarf;
				ENABLE_STRICT_OBJC_MSGSEND = YES;
				ENABLE_TESTABILITY = YES;
				GCC_C_LANGUAGE_STANDARD = gnu11;
				GCC_DYNAMIC_NO_PIC = NO;
				GCC_NO_COMMON_BLOCKS = YES;
				GCC_OPTIMIZATION_LEVEL = 0;
				GCC_PREPROCESSOR_DEFINITIONS = (
					"DEBUG=1",
					"$(inherited)",
				);
				GCC_WARN_64_TO_32_BIT_CONVERSION = YES;
				GCC_WARN_ABOUT_RETURN_TYPE = YES_ERROR;
				GCC_WARN_UNDECLARED_SELECTOR = YES;
				GCC_WARN_UNINITIALIZED_AUTOS = YES_AGGRESSIVE;
				GCC_WARN_UNUSED_FUNCTION = YES;
				GCC_WARN_UNUSED_VARIABLE = YES;
				IPHONEOS_DEPLOYMENT_TARGET = 15.0;
				MTL_ENABLE_DEBUG_INFO = INCLUDE_SOURCE;
				MTL_FAST_MATH = YES;
				ONLY_ACTIVE_ARCH = YES;
				SDKROOT = iphoneos;
				SWIFT_ACTIVE_COMPILATION_CONDITIONS = DEBUG;
				SWIFT_OPTIMIZATION_LEVEL = "-Onone";
			};
			name = Debug;
		};
		7391706027C09CA900E23056 /* Release */ = {
			isa = XCBuildConfiguration;
			buildSettings = {
				ALWAYS_SEARCH_USER_PATHS = NO;
				CLANG_ANALYZER_NONNULL = YES;
				CLANG_ANALYZER_NUMBER_OBJECT_CONVERSION = YES_AGGRESSIVE;
				CLANG_CXX_LANGUAGE_STANDARD = "gnu++17";
				CLANG_CXX_LIBRARY = "libc++";
				CLANG_ENABLE_MODULES = YES;
				CLANG_ENABLE_OBJC_ARC = YES;
				CLANG_ENABLE_OBJC_WEAK = YES;
				CLANG_WARN_BLOCK_CAPTURE_AUTORELEASING = YES;
				CLANG_WARN_BOOL_CONVERSION = YES;
				CLANG_WARN_COMMA = YES;
				CLANG_WARN_CONSTANT_CONVERSION = YES;
				CLANG_WARN_DEPRECATED_OBJC_IMPLEMENTATIONS = YES;
				CLANG_WARN_DIRECT_OBJC_ISA_USAGE = YES_ERROR;
				CLANG_WARN_DOCUMENTATION_COMMENTS = YES;
				CLANG_WARN_EMPTY_BODY = YES;
				CLANG_WARN_ENUM_CONVERSION = YES;
				CLANG_WARN_INFINITE_RECURSION = YES;
				CLANG_WARN_INT_CONVERSION = YES;
				CLANG_WARN_NON_LITERAL_NULL_CONVERSION = YES;
				CLANG_WARN_OBJC_IMPLICIT_RETAIN_SELF = YES;
				CLANG_WARN_OBJC_LITERAL_CONVERSION = YES;
				CLANG_WARN_OBJC_ROOT_CLASS = YES_ERROR;
				CLANG_WARN_QUOTED_INCLUDE_IN_FRAMEWORK_HEADER = YES;
				CLANG_WARN_RANGE_LOOP_ANALYSIS = YES;
				CLANG_WARN_STRICT_PROTOTYPES = YES;
				CLANG_WARN_SUSPICIOUS_MOVE = YES;
				CLANG_WARN_UNGUARDED_AVAILABILITY = YES_AGGRESSIVE;
				CLANG_WARN_UNREACHABLE_CODE = YES;
				CLANG_WARN__DUPLICATE_METHOD_MATCH = YES;
				COPY_PHASE_STRIP = NO;
				DEBUG_INFORMATION_FORMAT = "dwarf-with-dsym";
				ENABLE_NS_ASSERTIONS = NO;
				ENABLE_STRICT_OBJC_MSGSEND = YES;
				GCC_C_LANGUAGE_STANDARD = gnu11;
				GCC_NO_COMMON_BLOCKS = YES;
				GCC_WARN_64_TO_32_BIT_CONVERSION = YES;
				GCC_WARN_ABOUT_RETURN_TYPE = YES_ERROR;
				GCC_WARN_UNDECLARED_SELECTOR = YES;
				GCC_WARN_UNINITIALIZED_AUTOS = YES_AGGRESSIVE;
				GCC_WARN_UNUSED_FUNCTION = YES;
				GCC_WARN_UNUSED_VARIABLE = YES;
				IPHONEOS_DEPLOYMENT_TARGET = 15.0;
				MTL_ENABLE_DEBUG_INFO = NO;
				MTL_FAST_MATH = YES;
				SDKROOT = iphoneos;
				SWIFT_COMPILATION_MODE = wholemodule;
				SWIFT_OPTIMIZATION_LEVEL = "-O";
				VALIDATE_PRODUCT = YES;
			};
			name = Release;
		};
		7391706227C09CA900E23056 /* Debug */ = {
			isa = XCBuildConfiguration;
			buildSettings = {
				ASSETCATALOG_COMPILER_APPICON_NAME = AppIcon;
				ASSETCATALOG_COMPILER_GLOBAL_ACCENT_COLOR_NAME = AccentColor;
				CODE_SIGN_STYLE = Automatic;
				CURRENT_PROJECT_VERSION = 1;
				DEVELOPMENT_TEAM = 5YMAD93VM2;
				GENERATE_INFOPLIST_FILE = YES;
				INFOPLIST_FILE = Bankey/Info.plist;
				INFOPLIST_KEY_UIApplicationSupportsIndirectInputEvents = YES;
				INFOPLIST_KEY_UILaunchStoryboardName = LaunchScreen;
				INFOPLIST_KEY_UISupportedInterfaceOrientations_iPad = "UIInterfaceOrientationPortrait UIInterfaceOrientationPortraitUpsideDown UIInterfaceOrientationLandscapeLeft UIInterfaceOrientationLandscapeRight";
				INFOPLIST_KEY_UISupportedInterfaceOrientations_iPhone = "UIInterfaceOrientationPortrait UIInterfaceOrientationLandscapeLeft UIInterfaceOrientationLandscapeRight";
				LD_RUNPATH_SEARCH_PATHS = (
					"$(inherited)",
					"@executable_path/Frameworks",
				);
				MARKETING_VERSION = 1.0;
				PRODUCT_BUNDLE_IDENTIFIER = com.Bankey;
				PRODUCT_NAME = "$(TARGET_NAME)";
				SWIFT_EMIT_LOC_STRINGS = YES;
				SWIFT_VERSION = 5.0;
				TARGETED_DEVICE_FAMILY = "1,2";
			};
			name = Debug;
		};
		7391706327C09CA900E23056 /* Release */ = {
			isa = XCBuildConfiguration;
			buildSettings = {
				ASSETCATALOG_COMPILER_APPICON_NAME = AppIcon;
				ASSETCATALOG_COMPILER_GLOBAL_ACCENT_COLOR_NAME = AccentColor;
				CODE_SIGN_STYLE = Automatic;
				CURRENT_PROJECT_VERSION = 1;
				DEVELOPMENT_TEAM = 5YMAD93VM2;
				GENERATE_INFOPLIST_FILE = YES;
				INFOPLIST_FILE = Bankey/Info.plist;
				INFOPLIST_KEY_UIApplicationSupportsIndirectInputEvents = YES;
				INFOPLIST_KEY_UILaunchStoryboardName = LaunchScreen;
				INFOPLIST_KEY_UISupportedInterfaceOrientations_iPad = "UIInterfaceOrientationPortrait UIInterfaceOrientationPortraitUpsideDown UIInterfaceOrientationLandscapeLeft UIInterfaceOrientationLandscapeRight";
				INFOPLIST_KEY_UISupportedInterfaceOrientations_iPhone = "UIInterfaceOrientationPortrait UIInterfaceOrientationLandscapeLeft UIInterfaceOrientationLandscapeRight";
				LD_RUNPATH_SEARCH_PATHS = (
					"$(inherited)",
					"@executable_path/Frameworks",
				);
				MARKETING_VERSION = 1.0;
				PRODUCT_BUNDLE_IDENTIFIER = com.Bankey;
				PRODUCT_NAME = "$(TARGET_NAME)";
				SWIFT_EMIT_LOC_STRINGS = YES;
				SWIFT_VERSION = 5.0;
				TARGETED_DEVICE_FAMILY = "1,2";
			};
			name = Release;
		};
		73EBA0E927CD60B1009A905E /* Debug */ = {
			isa = XCBuildConfiguration;
			buildSettings = {
				BUNDLE_LOADER = "$(TEST_HOST)";
				CLANG_ENABLE_MODULES = YES;
				CODE_SIGN_STYLE = Automatic;
				CURRENT_PROJECT_VERSION = 1;
				GENERATE_INFOPLIST_FILE = YES;
				LD_RUNPATH_SEARCH_PATHS = (
					"$(inherited)",
					"@executable_path/Frameworks",
					"@loader_path/Frameworks",
				);
				MARKETING_VERSION = 1.0;
				PRODUCT_BUNDLE_IDENTIFIER = com.BankeyUnitTests;
				PRODUCT_NAME = "$(TARGET_NAME)";
				SWIFT_EMIT_LOC_STRINGS = NO;
				SWIFT_OPTIMIZATION_LEVEL = "-Onone";
				SWIFT_VERSION = 5.0;
				TARGETED_DEVICE_FAMILY = "1,2";
				TEST_HOST = "$(BUILT_PRODUCTS_DIR)/Bankey.app/Bankey";
			};
			name = Debug;
		};
		73EBA0EA27CD60B1009A905E /* Release */ = {
			isa = XCBuildConfiguration;
			buildSettings = {
				BUNDLE_LOADER = "$(TEST_HOST)";
				CLANG_ENABLE_MODULES = YES;
				CODE_SIGN_STYLE = Automatic;
				CURRENT_PROJECT_VERSION = 1;
				GENERATE_INFOPLIST_FILE = YES;
				LD_RUNPATH_SEARCH_PATHS = (
					"$(inherited)",
					"@executable_path/Frameworks",
					"@loader_path/Frameworks",
				);
				MARKETING_VERSION = 1.0;
				PRODUCT_BUNDLE_IDENTIFIER = com.BankeyUnitTests;
				PRODUCT_NAME = "$(TARGET_NAME)";
				SWIFT_EMIT_LOC_STRINGS = NO;
				SWIFT_VERSION = 5.0;
				TARGETED_DEVICE_FAMILY = "1,2";
				TEST_HOST = "$(BUILT_PRODUCTS_DIR)/Bankey.app/Bankey";
			};
			name = Release;
		};
/* End XCBuildConfiguration section */

/* Begin XCConfigurationList section */
		7391704827C09CA800E23056 /* Build configuration list for PBXProject "Bankey" */ = {
			isa = XCConfigurationList;
			buildConfigurations = (
				7391705F27C09CA900E23056 /* Debug */,
				7391706027C09CA900E23056 /* Release */,
			);
			defaultConfigurationIsVisible = 0;
			defaultConfigurationName = Release;
		};
		7391706127C09CA900E23056 /* Build configuration list for PBXNativeTarget "Bankey" */ = {
			isa = XCConfigurationList;
			buildConfigurations = (
				7391706227C09CA900E23056 /* Debug */,
				7391706327C09CA900E23056 /* Release */,
			);
			defaultConfigurationIsVisible = 0;
			defaultConfigurationName = Release;
		};
		73EBA0EB27CD60B1009A905E /* Build configuration list for PBXNativeTarget "BankeyUnitTests" */ = {
			isa = XCConfigurationList;
			buildConfigurations = (
				73EBA0E927CD60B1009A905E /* Debug */,
				73EBA0EA27CD60B1009A905E /* Release */,
			);
			defaultConfigurationIsVisible = 0;
			defaultConfigurationName = Release;
		};
/* End XCConfigurationList section */
	};
	rootObject = 7391704527C09CA800E23056 /* Project object */;
}
